
Microsoft Visual Studio Solution File, Format Version 12.00
Project("{FAE04EC0-301F-11D3-BF4B-00C04F79EFBC}") = "GitSmMain.Console", "src\GitSmMain.Console\GitSmMain.Console.csproj", "{F34773BD-5CEC-4653-A261-D37E274E639D}"
EndProject
Project("{2150E333-8FDC-42A3-9474-1A3956D46DE8}") = "shared-lib1", "shared-lib1", "{D366E62D-A5EC-4ADA-8F59-72B8E85BFFCA}"
EndProject
Project("{FAE04EC0-301F-11D3-BF4B-00C04F79EFBC}") = "GitSmShared.Lib1", "shared-lib1\src\GitSmShared.Lib1\GitSmShared.Lib1.csproj", "{F2541FB9-1045-4416-BF89-7ABD4197F251}"
EndProject
Global
	GlobalSection(SolutionConfigurationPlatforms) = preSolution
		Debug|Any CPU = Debug|Any CPU
		Release|Any CPU = Release|Any CPU
	EndGlobalSection
	GlobalSection(ProjectConfigurationPlatforms) = postSolution
		{F34773BD-5CEC-4653-A261-D37E274E639D}.Debug|Any CPU.ActiveCfg = Debug|Any CPU
		{F34773BD-5CEC-4653-A261-D37E274E639D}.Debug|Any CPU.Build.0 = Debug|Any CPU
		{F34773BD-5CEC-4653-A261-D37E274E639D}.Release|Any CPU.ActiveCfg = Release|Any CPU
		{F34773BD-5CEC-4653-A261-D37E274E639D}.Release|Any CPU.Build.0 = Release|Any CPU
		{F2541FB9-1045-4416-BF89-7ABD4197F251}.Debug|Any CPU.ActiveCfg = Debug|Any CPU
		{F2541FB9-1045-4416-BF89-7ABD4197F251}.Debug|Any CPU.Build.0 = Debug|Any CPU
		{F2541FB9-1045-4416-BF89-7ABD4197F251}.Release|Any CPU.ActiveCfg = Release|Any CPU
		{F2541FB9-1045-4416-BF89-7ABD4197F251}.Release|Any CPU.Build.0 = Release|Any CPU
	EndGlobalSection
	GlobalSection(NestedProjects) = preSolution
		{F2541FB9-1045-4416-BF89-7ABD4197F251} = {D366E62D-A5EC-4ADA-8F59-72B8E85BFFCA}
	EndGlobalSection
EndGlobal
